# THIS IS AN AUTOGENERATED FILE. DO NOT EDIT THIS FILE DIRECTLY.
# yarn lockfile v1


angular@^1.6.6:
  version "1.6.6"
  resolved "https://registry.yarnpkg.com/angular/-/angular-1.6.6.tgz#fd5a3cfb437ce382d854ee01120797978527cb64"

axios@^0.18.1:
  version "0.18.1"
  resolved "https://registry.yarnpkg.com/axios/-/axios-0.18.1.tgz#ff3f0de2e7b5d180e757ad98000f1081b87bcea3"
  integrity sha512-0BfJq4NSfQXd+SkFdrvFbG7addhYSBA2mQwISr46pD6E5iqkWg02RAs8vyTT/j0RTnoYmeXauBuSv1qKwR179g==
  dependencies:
    follow-redirects "1.5.10"
    is-buffer "^2.0.2"

bootstrap@^3.3.7:
  version "3.3.7"
  resolved "https://registry.yarnpkg.com/bootstrap/-/bootstrap-3.3.7.tgz#5a389394549f23330875a3b150656574f8a9eb71"

bootstrap@~4.0.0-beta.2:
  version "4.0.0-beta.2"
  resolved "https://registry.yarnpkg.com/bootstrap/-/bootstrap-4.0.0-beta.2.tgz#4d67d2aa2219f062cd90bc1247e6747b9e8fd051"

bootswatch@^4.0.0-beta.2:
  version "4.0.0-beta.2"
  resolved "https://registry.yarnpkg.com/bootswatch/-/bootswatch-4.0.0-beta.2.tgz#e8a2947fd882b839cb18cb8e9bb2ad682b4f2710"
  dependencies:
    bootstrap "~4.0.0-beta.2"
    jquery ">=1.9.1"
    popper.js "^1.11.0"

debug@=3.1.0:
  version "3.1.0"
  resolved "https://registry.yarnpkg.com/debug/-/debug-3.1.0.tgz#5bb5a0672628b64149566ba16819e61518c67261"
  integrity sha512-OX8XqP7/1a9cqkxYw2yXss15f26NKWBpDXQd0/uK/KPqdQhxbPa994hnzjcE2VqQpDslf55723cKPUOGSmMY3g==
  dependencies:
    ms "2.0.0"

follow-redirects@1.5.10:
  version "1.5.10"
  resolved "https://registry.yarnpkg.com/follow-redirects/-/follow-redirects-1.5.10.tgz#7b7a9f9aea2fdff36786a94ff643ed07f4ff5e2a"
  integrity sha512-0V5l4Cizzvqt5D44aTXbFZz+FtyXV1vrDN6qrelxtfYQKW0KO0W2T/hkE8xvGa/540LkZlkaUjO4ailYTFtHVQ==
  dependencies:
    debug "=3.1.0"

is-buffer@^2.0.2:
  version "2.0.3"
  resolved "https://registry.yarnpkg.com/is-buffer/-/is-buffer-2.0.3.tgz#4ecf3fcf749cbd1e472689e109ac66261a25e725"
  integrity sha512-U15Q7MXTuZlrbymiz95PJpZxu8IlipAp4dtS3wOdgPXx3mqBnslrWU14kxfHB+Py/+2PVKSr37dMAgM2A4uArw==

jquery@>=1.9.1:
  version "3.2.1"
  resolved "https://registry.yarnpkg.com/jquery/-/jquery-3.2.1.tgz#5c4d9de652af6cd0a770154a631bba12b015c787"

jquery@^3.4.0:
  version "3.4.1"
  resolved "https://registry.yarnpkg.com/jquery/-/jquery-3.4.1.tgz#714f1f8d9dde4bdfa55764ba37ef214630d80ef2"
  integrity sha512-36+AdBzCL+y6qjw5Tx7HgzeGCzC81MDDgaUP8ld2zhx58HdqXGoBd+tHdrBMiyjGQs0Hxs/MLZTu/eHNJJuWPw==

ms@2.0.0:
  version "2.0.0"
  resolved "https://registry.yarnpkg.com/ms/-/ms-2.0.0.tgz#5608aeadfc00be6c2901df5f9861788de0d597c8"

popper.js@^1.11.0:
  version "1.12.9"
  resolved "https://registry.yarnpkg.com/popper.js/-/popper.js-1.12.9.tgz#0dfbc2dff96c451bb332edcfcfaaf566d331d5b3"
